// !$*UTF8*$!
{
	archiveVersion = 1;
	classes = {
	};
	objectVersion = 50;
	objects = {

/* Begin PBXBuildFile section */
		8AD7427EF2BFF7F345FF8954 /* Pods_googleSignin.framework in Frameworks */ = {isa = PBXBuildFile; fileRef = D31A58C0C03E98155F79D77C /* Pods_googleSignin.framework */; };
		BA53E0B624074FB9002B1FC1 /* AppDelegate.swift in Sources */ = {isa = PBXBuildFile; fileRef = BA53E0B524074FB9002B1FC1 /* AppDelegate.swift */; };
		BA53E0B824074FB9002B1FC1 /* SceneDelegate.swift in Sources */ = {isa = PBXBuildFile; fileRef = BA53E0B724074FB9002B1FC1 /* SceneDelegate.swift */; };
		BA53E0BA24074FB9002B1FC1 /* ViewController.swift in Sources */ = {isa = PBXBuildFile; fileRef = BA53E0B924074FB9002B1FC1 /* ViewController.swift */; };
		BA53E0BD24074FB9002B1FC1 /* Main.storyboard in Resources */ = {isa = PBXBuildFile; fileRef = BA53E0BB24074FB9002B1FC1 /* Main.storyboard */; };
		BA53E0BF24074FBA002B1FC1 /* Assets.xcassets in Resources */ = {isa = PBXBuildFile; fileRef = BA53E0BE24074FBA002B1FC1 /* Assets.xcassets */; };
		BA53E0C224074FBA002B1FC1 /* LaunchScreen.storyboard in Resources */ = {isa = PBXBuildFile; fileRef = BA53E0C024074FBA002B1FC1 /* LaunchScreen.storyboard */; };
		BA53E0CB24075046002B1FC1 /* Constants.swift in Sources */ = {isa = PBXBuildFile; fileRef = BA53E0CA24075046002B1FC1 /* Constants.swift */; };
		BA6E3C272418BF4A008530BB /* README.md in Resources */ = {isa = PBXBuildFile; fileRef = BA6E3C262418BF4A008530BB /* README.md */; };
		BA6E3C292418BF7E008530BB /* DetailPageViewController.swift in Sources */ = {isa = PBXBuildFile; fileRef = BA6E3C282418BF7E008530BB /* DetailPageViewController.swift */; };
		BA8C34E424207BC300074650 /* MicrosoftLoginService.swift in Sources */ = {isa = PBXBuildFile; fileRef = BA8C34E324207BC300074650 /* MicrosoftLoginService.swift */; };
		BA8C34E82420AEBB00074650 /* GoogleSiginService.swift in Sources */ = {isa = PBXBuildFile; fileRef = BA8C34E72420AEBB00074650 /* GoogleSiginService.swift */; };
/* End PBXBuildFile section */

/* Begin PBXFileReference section */
		2A90C9AA4F700772B06FC7DE /* Pods-googleSignin.debug.xcconfig */ = {isa = PBXFileReference; includeInIndex = 1; lastKnownFileType = text.xcconfig; name = "Pods-googleSignin.debug.xcconfig"; path = "Pods/Target Support Files/Pods-googleSignin/Pods-googleSignin.debug.xcconfig"; sourceTree = "<group>"; };
		BA53E0B224074FB9002B1FC1 /* ThirdPartySignin.app */ = {isa = PBXFileReference; explicitFileType = wrapper.application; includeInIndex = 0; path = ThirdPartySignin.app; sourceTree = BUILT_PRODUCTS_DIR; };
		BA53E0B524074FB9002B1FC1 /* AppDelegate.swift */ = {isa = PBXFileReference; lastKnownFileType = sourcecode.swift; path = AppDelegate.swift; sourceTree = "<group>"; };
		BA53E0B724074FB9002B1FC1 /* SceneDelegate.swift */ = {isa = PBXFileReference; lastKnownFileType = sourcecode.swift; path = SceneDelegate.swift; sourceTree = "<group>"; };
		BA53E0B924074FB9002B1FC1 /* ViewController.swift */ = {isa = PBXFileReference; lastKnownFileType = sourcecode.swift; path = ViewController.swift; sourceTree = "<group>"; };
		BA53E0BC24074FB9002B1FC1 /* Base */ = {isa = PBXFileReference; lastKnownFileType = file.storyboard; name = Base; path = Base.lproj/Main.storyboard; sourceTree = "<group>"; };
		BA53E0BE24074FBA002B1FC1 /* Assets.xcassets */ = {isa = PBXFileReference; lastKnownFileType = folder.assetcatalog; path = Assets.xcassets; sourceTree = "<group>"; };
		BA53E0C124074FBA002B1FC1 /* Base */ = {isa = PBXFileReference; lastKnownFileType = file.storyboard; name = Base; path = Base.lproj/LaunchScreen.storyboard; sourceTree = "<group>"; };
		BA53E0C324074FBA002B1FC1 /* Info.plist */ = {isa = PBXFileReference; lastKnownFileType = text.plist.xml; path = Info.plist; sourceTree = "<group>"; };
		BA53E0CA24075046002B1FC1 /* Constants.swift */ = {isa = PBXFileReference; lastKnownFileType = sourcecode.swift; path = Constants.swift; sourceTree = "<group>"; };
		BA6E3C262418BF4A008530BB /* README.md */ = {isa = PBXFileReference; fileEncoding = 4; lastKnownFileType = net.daringfireball.markdown; path = README.md; sourceTree = "<group>"; };
		BA6E3C282418BF7E008530BB /* DetailPageViewController.swift */ = {isa = PBXFileReference; lastKnownFileType = sourcecode.swift; path = DetailPageViewController.swift; sourceTree = "<group>"; };
		BA8C34E324207BC300074650 /* MicrosoftLoginService.swift */ = {isa = PBXFileReference; fileEncoding = 4; lastKnownFileType = sourcecode.swift; path = MicrosoftLoginService.swift; sourceTree = "<group>"; };
		BA8C34E72420AEBB00074650 /* GoogleSiginService.swift */ = {isa = PBXFileReference; lastKnownFileType = sourcecode.swift; path = GoogleSiginService.swift; sourceTree = "<group>"; };
		BA8C34E92420D1F800074650 /* ThirdPartySignin.entitlements */ = {isa = PBXFileReference; lastKnownFileType = text.plist.entitlements; path = ThirdPartySignin.entitlements; sourceTree = "<group>"; };
		D31A58C0C03E98155F79D77C /* Pods_googleSignin.framework */ = {isa = PBXFileReference; explicitFileType = wrapper.framework; includeInIndex = 0; path = Pods_googleSignin.framework; sourceTree = BUILT_PRODUCTS_DIR; };
		DFE495F86087B8745E153317 /* Pods-googleSignin.release.xcconfig */ = {isa = PBXFileReference; includeInIndex = 1; lastKnownFileType = text.xcconfig; name = "Pods-googleSignin.release.xcconfig"; path = "Pods/Target Support Files/Pods-googleSignin/Pods-googleSignin.release.xcconfig"; sourceTree = "<group>"; };
/* End PBXFileReference section */

/* Begin PBXFrameworksBuildPhase section */
		BA53E0AF24074FB9002B1FC1 /* Frameworks */ = {
			isa = PBXFrameworksBuildPhase;
			buildActionMask = 2147483647;
			files = (
				8AD7427EF2BFF7F345FF8954 /* Pods_googleSignin.framework in Frameworks */,
			);
			runOnlyForDeploymentPostprocessing = 0;
		};
/* End PBXFrameworksBuildPhase section */

/* Begin PBXGroup section */
		988754BB44B6E4EA33BB32B9 /* Frameworks */ = {
			isa = PBXGroup;
			children = (
				D31A58C0C03E98155F79D77C /* Pods_googleSignin.framework */,
			);
			name = Frameworks;
			sourceTree = "<group>";
		};
		BA53E0A924074FB9002B1FC1 = {
			isa = PBXGroup;
			children = (
				BA8C34E92420D1F800074650 /* ThirdPartySignin.entitlements */,
				BA6E3C262418BF4A008530BB /* README.md */,
				BA53E0B424074FB9002B1FC1 /* googleSignin */,
				BA53E0B324074FB9002B1FC1 /* Products */,
				CA7A6FB883577D9C2CA26B09 /* Pods */,
				988754BB44B6E4EA33BB32B9 /* Frameworks */,
			);
			sourceTree = "<group>";
		};
		BA53E0B324074FB9002B1FC1 /* Products */ = {
			isa = PBXGroup;
			children = (
				BA53E0B224074FB9002B1FC1 /* ThirdPartySignin.app */,
			);
			name = Products;
			sourceTree = "<group>";
		};
		BA53E0B424074FB9002B1FC1 /* googleSignin */ = {
			isa = PBXGroup;
			children = (
				BA53E0C924075032002B1FC1 /* Constants */,
				BA53E0B524074FB9002B1FC1 /* AppDelegate.swift */,
				BA53E0B724074FB9002B1FC1 /* SceneDelegate.swift */,
				BA53E0B924074FB9002B1FC1 /* ViewController.swift */,
				BA6E3C282418BF7E008530BB /* DetailPageViewController.swift */,
				BA8C34E62420AE9800074650 /* SignInServices */,
				BA53E0BB24074FB9002B1FC1 /* Main.storyboard */,
				BA53E0BE24074FBA002B1FC1 /* Assets.xcassets */,
				BA53E0C024074FBA002B1FC1 /* LaunchScreen.storyboard */,
				BA53E0C324074FBA002B1FC1 /* Info.plist */,
			);
			path = googleSignin;
			sourceTree = "<group>";
		};
		BA53E0C924075032002B1FC1 /* Constants */ = {
			isa = PBXGroup;
			children = (
				BA53E0CA24075046002B1FC1 /* Constants.swift */,
			);
			path = Constants;
			sourceTree = "<group>";
		};
		BA8C34E62420AE9800074650 /* SignInServices */ = {
			isa = PBXGroup;
			children = (
				BA8C34E324207BC300074650 /* MicrosoftLoginService.swift */,
				BA8C34E72420AEBB00074650 /* GoogleSiginService.swift */,
			);
			path = SignInServices;
			sourceTree = "<group>";
		};
		CA7A6FB883577D9C2CA26B09 /* Pods */ = {
			isa = PBXGroup;
			children = (
				2A90C9AA4F700772B06FC7DE /* Pods-googleSignin.debug.xcconfig */,
				DFE495F86087B8745E153317 /* Pods-googleSignin.release.xcconfig */,
			);
			name = Pods;
			sourceTree = "<group>";
		};
/* End PBXGroup section */

/* Begin PBXNativeTarget section */
		BA53E0B124074FB9002B1FC1 /* ThirdPartySignin */ = {
			isa = PBXNativeTarget;
			buildConfigurationList = BA53E0C624074FBA002B1FC1 /* Build configuration list for PBXNativeTarget "ThirdPartySignin" */;
			buildPhases = (
				BC1A9A863684B193D302F399 /* [CP] Check Pods Manifest.lock */,
				BA53E0AE24074FB9002B1FC1 /* Sources */,
				BA53E0AF24074FB9002B1FC1 /* Frameworks */,
				BA53E0B024074FB9002B1FC1 /* Resources */,
				CD9AE9E0B309B7A1EE40E0F5 /* [CP] Embed Pods Frameworks */,
				7D3516FAC0E12DCC27685405 /* [CP] Copy Pods Resources */,
			);
			buildRules = (
			);
			dependencies = (
			);
			name = ThirdPartySignin;
			productName = googleSignin;
			productReference = BA53E0B224074FB9002B1FC1 /* ThirdPartySignin.app */;
			productType = "com.apple.product-type.application";
		};
/* End PBXNativeTarget section */

/* Begin PBXProject section */
		BA53E0AA24074FB9002B1FC1 /* Project object */ = {
			isa = PBXProject;
			attributes = {
				LastSwiftUpdateCheck = 1120;
				LastUpgradeCheck = 1120;
				ORGANIZATIONNAME = Cuddle;
				TargetAttributes = {
					BA53E0B124074FB9002B1FC1 = {
						CreatedOnToolsVersion = 11.2.1;
					};
				};
			};
			buildConfigurationList = BA53E0AD24074FB9002B1FC1 /* Build configuration list for PBXProject "ThirdPartySignin" */;
			compatibilityVersion = "Xcode 9.3";
			developmentRegion = en;
			hasScannedForEncodings = 0;
			knownRegions = (
				en,
				Base,
			);
			mainGroup = BA53E0A924074FB9002B1FC1;
			productRefGroup = BA53E0B324074FB9002B1FC1 /* Products */;
			projectDirPath = "";
			projectRoot = "";
			targets = (
				BA53E0B124074FB9002B1FC1 /* ThirdPartySignin */,
			);
		};
/* End PBXProject section */

/* Begin PBXResourcesBuildPhase section */
		BA53E0B024074FB9002B1FC1 /* Resources */ = {
			isa = PBXResourcesBuildPhase;
			buildActionMask = 2147483647;
			files = (
				BA53E0C224074FBA002B1FC1 /* LaunchScreen.storyboard in Resources */,
				BA53E0BF24074FBA002B1FC1 /* Assets.xcassets in Resources */,
				BA6E3C272418BF4A008530BB /* README.md in Resources */,
				BA53E0BD24074FB9002B1FC1 /* Main.storyboard in Resources */,
			);
			runOnlyForDeploymentPostprocessing = 0;
		};
/* End PBXResourcesBuildPhase section */

/* Begin PBXShellScriptBuildPhase section */
		7D3516FAC0E12DCC27685405 /* [CP] Copy Pods Resources */ = {
			isa = PBXShellScriptBuildPhase;
			buildActionMask = 2147483647;
			files = (
			);
			inputFileListPaths = (
			);
			inputPaths = (
				"${SRCROOT}/Pods/Target Support Files/Pods-googleSignin/Pods-googleSignin-resources.sh",
				"${PODS_ROOT}/GoogleSignIn/Resources/GoogleSignIn.bundle",
			);
			name = "[CP] Copy Pods Resources";
			outputFileListPaths = (
			);
			outputPaths = (
				"${TARGET_BUILD_DIR}/${UNLOCALIZED_RESOURCES_FOLDER_PATH}/GoogleSignIn.bundle",
			);
			runOnlyForDeploymentPostprocessing = 0;
			shellPath = /bin/sh;
			shellScript = "\"${SRCROOT}/Pods/Target Support Files/Pods-googleSignin/Pods-googleSignin-resources.sh\"\n";
			showEnvVarsInLog = 0;
		};
		BC1A9A863684B193D302F399 /* [CP] Check Pods Manifest.lock */ = {
			isa = PBXShellScriptBuildPhase;
			buildActionMask = 2147483647;
			files = (
			);
			inputFileListPaths = (
			);
			inputPaths = (
				"${PODS_PODFILE_DIR_PATH}/Podfile.lock",
				"${PODS_ROOT}/Manifest.lock",
			);
			name = "[CP] Check Pods Manifest.lock";
			outputFileListPaths = (
			);
			outputPaths = (
				"$(DERIVED_FILE_DIR)/Pods-googleSignin-checkManifestLockResult.txt",
			);
			runOnlyForDeploymentPostprocessing = 0;
			shellPath = /bin/sh;
			shellScript = "diff \"${PODS_PODFILE_DIR_PATH}/Podfile.lock\" \"${PODS_ROOT}/Manifest.lock\" > /dev/null\nif [ $? != 0 ] ; then\n    # print error to STDERR\n    echo \"error: The sandbox is not in sync with the Podfile.lock. Run 'pod install' or update your CocoaPods installation.\" >&2\n    exit 1\nfi\n# This output is used by Xcode 'outputs' to avoid re-running this script phase.\necho \"SUCCESS\" > \"${SCRIPT_OUTPUT_FILE_0}\"\n";
			showEnvVarsInLog = 0;
		};
		CD9AE9E0B309B7A1EE40E0F5 /* [CP] Embed Pods Frameworks */ = {
			isa = PBXShellScriptBuildPhase;
			buildActionMask = 2147483647;
			files = (
			);
			inputFileListPaths = (
			);
			inputPaths = (
				"${SRCROOT}/Pods/Target Support Files/Pods-googleSignin/Pods-googleSignin-frameworks.sh",
				"${BUILT_PRODUCTS_DIR}/AppAuth/AppAuth.framework",
				"${BUILT_PRODUCTS_DIR}/GTMAppAuth/GTMAppAuth.framework",
				"${BUILT_PRODUCTS_DIR}/GTMSessionFetcher/GTMSessionFetcher.framework",
				"${BUILT_PRODUCTS_DIR}/MSAL/MSAL.framework",
			);
			name = "[CP] Embed Pods Frameworks";
			outputFileListPaths = (
			);
			outputPaths = (
				"${TARGET_BUILD_DIR}/${FRAMEWORKS_FOLDER_PATH}/AppAuth.framework",
				"${TARGET_BUILD_DIR}/${FRAMEWORKS_FOLDER_PATH}/GTMAppAuth.framework",
				"${TARGET_BUILD_DIR}/${FRAMEWORKS_FOLDER_PATH}/GTMSessionFetcher.framework",
				"${TARGET_BUILD_DIR}/${FRAMEWORKS_FOLDER_PATH}/MSAL.framework",
			);
			runOnlyForDeploymentPostprocessing = 0;
			shellPath = /bin/sh;
			shellScript = "\"${SRCROOT}/Pods/Target Support Files/Pods-googleSignin/Pods-googleSignin-frameworks.sh\"\n";
			showEnvVarsInLog = 0;
		};
/* End PBXShellScriptBuildPhase section */

/* Begin PBXSourcesBuildPhase section */
		BA53E0AE24074FB9002B1FC1 /* Sources */ = {
			isa = PBXSourcesBuildPhase;
			buildActionMask = 2147483647;
			files = (
				BA6E3C292418BF7E008530BB /* DetailPageViewController.swift in Sources */,
				BA8C34E82420AEBB00074650 /* GoogleSiginService.swift in Sources */,
				BA53E0BA24074FB9002B1FC1 /* ViewController.swift in Sources */,
				BA8C34E424207BC300074650 /* MicrosoftLoginService.swift in Sources */,
				BA53E0B624074FB9002B1FC1 /* AppDelegate.swift in Sources */,
				BA53E0B824074FB9002B1FC1 /* SceneDelegate.swift in Sources */,
				BA53E0CB24075046002B1FC1 /* Constants.swift in Sources */,
			);
			runOnlyForDeploymentPostprocessing = 0;
		};
/* End PBXSourcesBuildPhase section */

/* Begin PBXVariantGroup section */
		BA53E0BB24074FB9002B1FC1 /* Main.storyboard */ = {
			isa = PBXVariantGroup;
			children = (
				BA53E0BC24074FB9002B1FC1 /* Base */,
			);
			name = Main.storyboard;
			sourceTree = "<group>";
		};
		BA53E0C024074FBA002B1FC1 /* LaunchScreen.storyboard */ = {
			isa = PBXVariantGroup;
			children = (
				BA53E0C124074FBA002B1FC1 /* Base */,
			);
			name = LaunchScreen.storyboard;
			sourceTree = "<group>";
		};
/* End PBXVariantGroup section */

/* Begin XCBuildConfiguration section */
		BA53E0C424074FBA002B1FC1 /* Debug */ = {
			isa = XCBuildConfiguration;
			buildSettings = {
				ALWAYS_SEARCH_USER_PATHS = NO;
				CLANG_ANALYZER_NONNULL = YES;
				CLANG_ANALYZER_NUMBER_OBJECT_CONVERSION = YES_AGGRESSIVE;
				CLANG_CXX_LANGUAGE_STANDARD = "gnu++14";
				CLANG_CXX_LIBRARY = "libc++";
				CLANG_ENABLE_MODULES = YES;
				CLANG_ENABLE_OBJC_ARC = YES;
				CLANG_ENABLE_OBJC_WEAK = YES;
				CLANG_WARN_BLOCK_CAPTURE_AUTORELEASING = YES;
				CLANG_WARN_BOOL_CONVERSION = YES;
				CLANG_WARN_COMMA = YES;
				CLANG_WARN_CONSTANT_CONVERSION = YES;
				CLANG_WARN_DEPRECATED_OBJC_IMPLEMENTATIONS = YES;
				CLANG_WARN_DIRECT_OBJC_ISA_USAGE = YES_ERROR;
				CLANG_WARN_DOCUMENTATION_COMMENTS = YES;
				CLANG_WARN_EMPTY_BODY = YES;
				CLANG_WARN_ENUM_CONVERSION = YES;
				CLANG_WARN_INFINITE_RECURSION = YES;
				CLANG_WARN_INT_CONVERSION = YES;
				CLANG_WARN_NON_LITERAL_NULL_CONVERSION = YES;
				CLANG_WARN_OBJC_IMPLICIT_RETAIN_SELF = YES;
				CLANG_WARN_OBJC_LITERAL_CONVERSION = YES;
				CLANG_WARN_OBJC_ROOT_CLASS = YES_ERROR;
				CLANG_WARN_RANGE_LOOP_ANALYSIS = YES;
				CLANG_WARN_STRICT_PROTOTYPES = YES;
				CLANG_WARN_SUSPICIOUS_MOVE = YES;
				CLANG_WARN_UNGUARDED_AVAILABILITY = YES_AGGRESSIVE;
				CLANG_WARN_UNREACHABLE_CODE = YES;
				CLANG_WARN__DUPLICATE_METHOD_MATCH = YES;
				COPY_PHASE_STRIP = NO;
				DEBUG_INFORMATION_FORMAT = dwarf;
				ENABLE_STRICT_OBJC_MSGSEND = YES;
				ENABLE_TESTABILITY = YES;
				GCC_C_LANGUAGE_STANDARD = gnu11;
				GCC_DYNAMIC_NO_PIC = NO;
				GCC_NO_COMMON_BLOCKS = YES;
				GCC_OPTIMIZATION_LEVEL = 0;
				GCC_PREPROCESSOR_DEFINITIONS = (
					"DEBUG=1",
					"$(inherited)",
				);
				GCC_WARN_64_TO_32_BIT_CONVERSION = YES;
				GCC_WARN_ABOUT_RETURN_TYPE = YES_ERROR;
				GCC_WARN_UNDECLARED_SELECTOR = YES;
				GCC_WARN_UNINITIALIZED_AUTOS = YES_AGGRESSIVE;
				GCC_WARN_UNUSED_FUNCTION = YES;
				GCC_WARN_UNUSED_VARIABLE = YES;
				IPHONEOS_DEPLOYMENT_TARGET = 13.2;
				MTL_ENABLE_DEBUG_INFO = INCLUDE_SOURCE;
				MTL_FAST_MATH = YES;
				ONLY_ACTIVE_ARCH = YES;
				SDKROOT = iphoneos;
				SWIFT_ACTIVE_COMPILATION_CONDITIONS = DEBUG;
				SWIFT_OPTIMIZATION_LEVEL = "-Onone";
			};
			name = Debug;
		};
		BA53E0C524074FBA002B1FC1 /* Release */ = {
			isa = XCBuildConfiguration;
			buildSettings = {
				ALWAYS_SEARCH_USER_PATHS = NO;
				CLANG_ANALYZER_NONNULL = YES;
				CLANG_ANALYZER_NUMBER_OBJECT_CONVERSION = YES_AGGRESSIVE;
				CLANG_CXX_LANGUAGE_STANDARD = "gnu++14";
				CLANG_CXX_LIBRARY = "libc++";
				CLANG_ENABLE_MODULES = YES;
				CLANG_ENABLE_OBJC_ARC = YES;
				CLANG_ENABLE_OBJC_WEAK = YES;
				CLANG_WARN_BLOCK_CAPTURE_AUTORELEASING = YES;
				CLANG_WARN_BOOL_CONVERSION = YES;
				CLANG_WARN_COMMA = YES;
				CLANG_WARN_CONSTANT_CONVERSION = YES;
				CLANG_WARN_DEPRECATED_OBJC_IMPLEMENTATIONS = YES;
				CLANG_WARN_DIRECT_OBJC_ISA_USAGE = YES_ERROR;
				CLANG_WARN_DOCUMENTATION_COMMENTS = YES;
				CLANG_WARN_EMPTY_BODY = YES;
				CLANG_WARN_ENUM_CONVERSION = YES;
				CLANG_WARN_INFINITE_RECURSION = YES;
				CLANG_WARN_INT_CONVERSION = YES;
				CLANG_WARN_NON_LITERAL_NULL_CONVERSION = YES;
				CLANG_WARN_OBJC_IMPLICIT_RETAIN_SELF = YES;
				CLANG_WARN_OBJC_LITERAL_CONVERSION = YES;
				CLANG_WARN_OBJC_ROOT_CLASS = YES_ERROR;
				CLANG_WARN_RANGE_LOOP_ANALYSIS = YES;
				CLANG_WARN_STRICT_PROTOTYPES = YES;
				CLANG_WARN_SUSPICIOUS_MOVE = YES;
				CLANG_WARN_UNGUARDED_AVAILABILITY = YES_AGGRESSIVE;
				CLANG_WARN_UNREACHABLE_CODE = YES;
				CLANG_WARN__DUPLICATE_METHOD_MATCH = YES;
				COPY_PHASE_STRIP = NO;
				DEBUG_INFORMATION_FORMAT = "dwarf-with-dsym";
				ENABLE_NS_ASSERTIONS = NO;
				ENABLE_STRICT_OBJC_MSGSEND = YES;
				GCC_C_LANGUAGE_STANDARD = gnu11;
				GCC_NO_COMMON_BLOCKS = YES;
				GCC_WARN_64_TO_32_BIT_CONVERSION = YES;
				GCC_WARN_ABOUT_RETURN_TYPE = YES_ERROR;
				GCC_WARN_UNDECLARED_SELECTOR = YES;
				GCC_WARN_UNINITIALIZED_AUTOS = YES_AGGRESSIVE;
				GCC_WARN_UNUSED_FUNCTION = YES;
				GCC_WARN_UNUSED_VARIABLE = YES;
				IPHONEOS_DEPLOYMENT_TARGET = 13.2;
				MTL_ENABLE_DEBUG_INFO = NO;
				MTL_FAST_MATH = YES;
				SDKROOT = iphoneos;
				SWIFT_COMPILATION_MODE = wholemodule;
				SWIFT_OPTIMIZATION_LEVEL = "-O";
				VALIDATE_PRODUCT = YES;
			};
			name = Release;
		};
		BA53E0C724074FBA002B1FC1 /* Debug */ = {
			isa = XCBuildConfiguration;
			baseConfigurationReference = 2A90C9AA4F700772B06FC7DE /* Pods-googleSignin.debug.xcconfig */;
			buildSettings = {
				ASSETCATALOG_COMPILER_APPICON_NAME = AppIcon;
				CODE_SIGN_ENTITLEMENTS = ThirdPartySignin.entitlements;
				CODE_SIGN_STYLE = Automatic;
				DEVELOPMENT_TEAM = FX9836WZQL;
				INFOPLIST_FILE = googleSignin/Info.plist;
				LD_RUNPATH_SEARCH_PATHS = (
					"$(inherited)",
					"@executable_path/Frameworks",
				);
				PRODUCT_BUNDLE_IDENTIFIER = ai.cuddle.googleSignin;
				PRODUCT_NAME = "$(TARGET_NAME)";
				SWIFT_VERSION = 5.0;
				TARGETED_DEVICE_FAMILY = "1,2";
			};
			name = Debug;
		};
		BA53E0C824074FBA002B1FC1 /* Release */ = {
			isa = XCBuildConfiguration;
			baseConfigurationReference = DFE495F86087B8745E153317 /* Pods-googleSignin.release.xcconfig */;
			buildSettings = {
				ASSETCATALOG_COMPILER_APPICON_NAME = AppIcon;
				CODE_SIGN_ENTITLEMENTS = ThirdPartySignin.entitlements;
				CODE_SIGN_STYLE = Automatic;
				DEVELOPMENT_TEAM = FX9836WZQL;
				INFOPLIST_FILE = googleSignin/Info.plist;
				LD_RUNPATH_SEARCH_PATHS = (
					"$(inherited)",
					"@executable_path/Frameworks",
				);
				PRODUCT_BUNDLE_IDENTIFIER = ai.cuddle.googleSignin;
				PRODUCT_NAME = "$(TARGET_NAME)";
				SWIFT_VERSION = 5.0;
				TARGETED_DEVICE_FAMILY = "1,2";
			};
			name = Release;
		};
/* End XCBuildConfiguration section */

/* Begin XCConfigurationList section */
		BA53E0AD24074FB9002B1FC1 /* Build configuration list for PBXProject "ThirdPartySignin" */ = {
			isa = XCConfigurationList;
			buildConfigurations = (
				BA53E0C424074FBA002B1FC1 /* Debug */,
				BA53E0C524074FBA002B1FC1 /* Release */,
			);
			defaultConfigurationIsVisible = 0;
			defaultConfigurationName = Release;
		};
		BA53E0C624074FBA002B1FC1 /* Build configuration list for PBXNativeTarget "ThirdPartySignin" */ = {
			isa = XCConfigurationList;
			buildConfigurations = (
				BA53E0C724074FBA002B1FC1 /* Debug */,
				BA53E0C824074FBA002B1FC1 /* Release */,
			);
			defaultConfigurationIsVisible = 0;
			defaultConfigurationName = Release;
		};
/* End XCConfigurationList section */
	};
	rootObject = BA53E0AA24074FB9002B1FC1 /* Project object */;
}
